
Microsoft Visual Studio Solution File, Format Version 12.00
# Visual Studio 15
VisualStudioVersion = 15.0.28307.421
MinimumVisualStudioVersion = 10.0.40219.1
Project("{FAE04EC0-301F-11D3-BF4B-00C04F79EFBC}") = "BanSach.Website", "BanSach.Website\BanSach.Website.csproj", "{6F6F5A3D-A94D-4AA1-949A-1E87D0F61308}"
EndProject
Project("{FAE04EC0-301F-11D3-BF4B-00C04F79EFBC}") = "BanSach.Common", "BanSach.Common\BanSach.Common.csproj", "{599CDD0F-20B5-4C06-A8D6-ABD623C17C51}"
EndProject
Project("{FAE04EC0-301F-11D3-BF4B-00C04F79EFBC}") = "BanSach.Model", "BanSach.Model\BanSach.Model.csproj", "{BBD45722-F02B-4CBB-B2B2-20F0A904B972}"
EndProject
Project("{FAE04EC0-301F-11D3-BF4B-00C04F79EFBC}") = "BanSach.Service", "BanSach.Service\BanSach.Service.csproj", "{C3432D0F-944B-49C0-9904-91967CE8B8AB}"
EndProject
Project("{FAE04EC0-301F-11D3-BF4B-00C04F79EFBC}") = "BanSach.Repository", "BanSach.Repository\BanSach.Repository.csproj", "{59E329A7-C28D-4BC5-A043-3E530F1F3694}"
EndProject
Global
	GlobalSection(SolutionConfigurationPlatforms) = preSolution
		Debug|Any CPU = Debug|Any CPU
		Release|Any CPU = Release|Any CPU
	EndGlobalSection
	GlobalSection(ProjectConfigurationPlatforms) = postSolution
		{6F6F5A3D-A94D-4AA1-949A-1E87D0F61308}.Debug|Any CPU.ActiveCfg = Debug|Any CPU
		{6F6F5A3D-A94D-4AA1-949A-1E87D0F61308}.Debug|Any CPU.Build.0 = Debug|Any CPU
		{6F6F5A3D-A94D-4AA1-949A-1E87D0F61308}.Release|Any CPU.ActiveCfg = Release|Any CPU
		{6F6F5A3D-A94D-4AA1-949A-1E87D0F61308}.Release|Any CPU.Build.0 = Release|Any CPU
		{599CDD0F-20B5-4C06-A8D6-ABD623C17C51}.Debug|Any CPU.ActiveCfg = Debug|Any CPU
		{599CDD0F-20B5-4C06-A8D6-ABD623C17C51}.Debug|Any CPU.Build.0 = Debug|Any CPU
		{599CDD0F-20B5-4C06-A8D6-ABD623C17C51}.Release|Any CPU.ActiveCfg = Release|Any CPU
		{599CDD0F-20B5-4C06-A8D6-ABD623C17C51}.Release|Any CPU.Build.0 = Release|Any CPU
		{BBD45722-F02B-4CBB-B2B2-20F0A904B972}.Debug|Any CPU.ActiveCfg = Debug|Any CPU
		{BBD45722-F02B-4CBB-B2B2-20F0A904B972}.Debug|Any CPU.Build.0 = Debug|Any CPU
		{BBD45722-F02B-4CBB-B2B2-20F0A904B972}.Release|Any CPU.ActiveCfg = Release|Any CPU
		{BBD45722-F02B-4CBB-B2B2-20F0A904B972}.Release|Any CPU.Build.0 = Release|Any CPU
		{C3432D0F-944B-49C0-9904-91967CE8B8AB}.Debug|Any CPU.ActiveCfg = Debug|Any CPU
		{C3432D0F-944B-49C0-9904-91967CE8B8AB}.Debug|Any CPU.Build.0 = Debug|Any CPU
		{C3432D0F-944B-49C0-9904-91967CE8B8AB}.Release|Any CPU.ActiveCfg = Release|Any CPU
		{C3432D0F-944B-49C0-9904-91967CE8B8AB}.Release|Any CPU.Build.0 = Release|Any CPU
		{59E329A7-C28D-4BC5-A043-3E530F1F3694}.Debug|Any CPU.ActiveCfg = Debug|Any CPU
		{59E329A7-C28D-4BC5-A043-3E530F1F3694}.Debug|Any CPU.Build.0 = Debug|Any CPU
		{59E329A7-C28D-4BC5-A043-3E530F1F3694}.Release|Any CPU.ActiveCfg = Release|Any CPU
		{59E329A7-C28D-4BC5-A043-3E530F1F3694}.Release|Any CPU.Build.0 = Release|Any CPU
	EndGlobalSection
	GlobalSection(SolutionProperties) = preSolution
		HideSolutionNode = FALSE
	EndGlobalSection
	GlobalSection(ExtensibilityGlobals) = postSolution
		SolutionGuid = {5726E00C-ED2E-41F6-AF24-7827495CB84C}
	EndGlobalSection
EndGlobal
